<?xml version="1.0" encoding="utf-8"?>
<Project ToolsVersion="4.0" xmlns="http://schemas.microsoft.com/developer/msbuild/2003">
  <ItemGroup>
    <Filter Include="Source Files">
      <UniqueIdentifier>{4FC737F1-C7A5-4376-A066-2A32D752A2FF}</UniqueIdentifier>
      <Extensions>cpp;c;cc;cxx;def;odl;idl;hpj;bat;asm;asmx</Extensions>
    </Filter>
    <Filter Include="Source Files\LoginServer">
      <UniqueIdentifier>{5cd1c792-faad-423b-96fa-196e24bf8255}</UniqueIdentifier>
    </Filter>
    <Filter Include="Source Files\DataBaseManager">
      <UniqueIdentifier>{8e22a4b0-7bf9-47dd-86e3-d41b07c7fc09}</UniqueIdentifier>
    </Filter>
    <Filter Include="Source Files\Packets">
      <UniqueIdentifier>{57baaefb-4992-42c5-a580-739615955a21}</UniqueIdentifier>
    </Filter>
    <Filter Include="Source Files\DataBase">
      <UniqueIdentifier>{cb727d6a-518b-4845-a1b3-d460827a19a6}</UniqueIdentifier>
    </Filter>
    <Filter Include="Source Files\Timer">
      <UniqueIdentifier>{88a1a351-b15c-46d8-8e3c-22ff8b0e786f}</UniqueIdentifier>
    </Filter>
    <Filter Include="Source Files\WorldServer">
      <UniqueIdentifier>{416b1be6-9a61-453b-ab56-50497964a283}</UniqueIdentifier>
    </Filter>
    <Filter Include="Source Files\Tools">
      <UniqueIdentifier>{8a379306-ae08-44db-adab-7c747ad84e85}</UniqueIdentifier>
    </Filter>
    <Filter Include="Source Files\AngelScriptEngine">
      <UniqueIdentifier>{da35fd5c-337b-45b0-8808-14f0da3f2404}</UniqueIdentifier>
    </Filter>
    <Filter Include="Source Files\PacketHandler">
      <UniqueIdentifier>{6b1a4d6c-6a44-45a6-9d9b-9365947294dc}</UniqueIdentifier>
    </Filter>
    <Filter Include="Source Files\GameServer">
      <UniqueIdentifier>{fc7e63e9-f1a5-4417-9d59-1950e81a6531}</UniqueIdentifier>
    </Filter>
    <Filter Include="Source Files\RemoteControl">
      <UniqueIdentifier>{665db791-9fc1-498f-9559-ef9e10390b4a}</UniqueIdentifier>
    </Filter>
    <Filter Include="Header Files">
      <UniqueIdentifier>{93995380-89BD-4b04-88EB-625FBE52EBFB}</UniqueIdentifier>
      <Extensions>h;hpp;hxx;hm;inl;inc;xsd</Extensions>
    </Filter>
    <Filter Include="Header Files\GameServer">
      <UniqueIdentifier>{1ac085b0-2adc-4a93-99d4-cf2ee6642e41}</UniqueIdentifier>
    </Filter>
    <Filter Include="Header Files\Packets">
      <UniqueIdentifier>{e994bc8f-026e-4028-b5d4-fee70609a7ca}</UniqueIdentifier>
    </Filter>
    <Filter Include="Header Files\LoginServer">
      <UniqueIdentifier>{6f63726a-3e1e-4186-b8a4-4c1d9289dcf7}</UniqueIdentifier>
    </Filter>
    <Filter Include="Header Files\DataBase">
      <UniqueIdentifier>{03dc1bd8-c5b0-4d70-999b-d6bf00e80c47}</UniqueIdentifier>
    </Filter>
    <Filter Include="Header Files\Timer">
      <UniqueIdentifier>{fbfc3413-000d-4277-b588-7146064127cb}</UniqueIdentifier>
    </Filter>
    <Filter Include="Header Files\WorldServer">
      <UniqueIdentifier>{515f6336-6905-4030-90fb-a9cc3dc14540}</UniqueIdentifier>
    </Filter>
    <Filter Include="Header Files\Tools">
      <UniqueIdentifier>{9721c1d5-af46-47bd-8ed5-dc618ef683c1}</UniqueIdentifier>
    </Filter>
    <Filter Include="Header Files\AngelScriptEngine">
      <UniqueIdentifier>{219bd4b0-ea52-40bc-aded-680a9906a84e}</UniqueIdentifier>
    </Filter>
    <Filter Include="Header Files\DataBaseManager">
      <UniqueIdentifier>{876cbff2-f9cd-4500-9bc7-f3b8d7ad65e6}</UniqueIdentifier>
    </Filter>
    <Filter Include="Header Files\RemoteControl">
      <UniqueIdentifier>{0672b27e-baf7-4180-962a-47fab39648e6}</UniqueIdentifier>
    </Filter>
    <Filter Include="Resource Files">
      <UniqueIdentifier>{67DA6AB6-F800-4c08-8B7A-83BB121AAD01}</UniqueIdentifier>
      <Extensions>rc;ico;cur;bmp;dlg;rc2;rct;bin;rgs;gif;jpg;jpeg;jpe;resx;tiff;tif;png;wav</Extensions>
    </Filter>
  </ItemGroup>
  <ItemGroup>
    <ClCompile Include="TitanMS.cpp">
      <Filter>Source Files</Filter>
    </ClCompile>
    <ClCompile Include="Character.cpp">
      <Filter>Source Files\LoginServer</Filter>
    </ClCompile>
    <ClCompile Include="Characters.cpp">
      <Filter>Source Files\LoginServer</Filter>
    </ClCompile>
    <ClCompile Include="PlayerLogin.cpp">
      <Filter>Source Files\LoginServer</Filter>
    </ClCompile>
    <ClCompile Include="MySQLM.cpp">
      <Filter>Source Files\DataBaseManager</Filter>
    </ClCompile>
    <ClCompile Include="DropsPacket.cpp">
      <Filter>Source Files\Packets</Filter>
    </ClCompile>
    <ClCompile Include="InventoryPacket.cpp">
      <Filter>Source Files\Packets</Filter>
    </ClCompile>
    <ClCompile Include="LoginPacket.cpp">
      <Filter>Source Files\Packets</Filter>
    </ClCompile>
    <ClCompile Include="MapPacket.cpp">
      <Filter>Source Files\Packets</Filter>
    </ClCompile>
    <ClCompile Include="MobsPacket.cpp">
      <Filter>Source Files\Packets</Filter>
    </ClCompile>
    <ClCompile Include="NPCPacket.cpp">
      <Filter>Source Files\Packets</Filter>
    </ClCompile>
    <ClCompile Include="PartyPacket.cpp">
      <Filter>Source Files\Packets</Filter>
    </ClCompile>
    <ClCompile Include="PlayerPacket.cpp">
      <Filter>Source Files\Packets</Filter>
    </ClCompile>
    <ClCompile Include="PvPPacket.cpp">
      <Filter>Source Files\Packets</Filter>
    </ClCompile>
    <ClCompile Include="QuestsPacket.cpp">
      <Filter>Source Files\Packets</Filter>
    </ClCompile>
    <ClCompile Include="ReactorsPackets.cpp">
      <Filter>Source Files\Packets</Filter>
    </ClCompile>
    <ClCompile Include="RemoteControlPacket.cpp">
      <Filter>Source Files\Packets</Filter>
    </ClCompile>
    <ClCompile Include="StatsPacket.cpp">
      <Filter>Source Files\Packets</Filter>
    </ClCompile>
    <ClCompile Include="TransportationPacket.cpp">
      <Filter>Source Files\Packets</Filter>
    </ClCompile>
    <ClCompile Include="DataProvider.cpp">
      <Filter>Source Files\DataBase</Filter>
    </ClCompile>
    <ClCompile Include="Initializing.cpp">
      <Filter>Source Files\DataBase</Filter>
    </ClCompile>
    <ClCompile Include="Markup.cpp">
      <Filter>Source Files\DataBase</Filter>
    </ClCompile>
    <ClCompile Include="Timer.cpp">
      <Filter>Source Files\Timer</Filter>
    </ClCompile>
    <ClCompile Include="Parties.cpp">
      <Filter>Source Files\WorldServer</Filter>
    </ClCompile>
    <ClCompile Include="Party.cpp">
      <Filter>Source Files\WorldServer</Filter>
    </ClCompile>
    <ClCompile Include="PartyMembers.cpp">
      <Filter>Source Files\WorldServer</Filter>
    </ClCompile>
    <ClCompile Include="World.cpp">
      <Filter>Source Files\WorldServer</Filter>
    </ClCompile>
    <ClCompile Include="Worlds.cpp">
      <Filter>Source Files\WorldServer</Filter>
    </ClCompile>
    <ClCompile Include="PacketWriter.cpp">
      <Filter>Source Files\Tools</Filter>
    </ClCompile>
    <ClCompile Include="Tools.cpp">
      <Filter>Source Files\Tools</Filter>
    </ClCompile>
    <ClCompile Include="AngelScriptEngine.cpp">
      <Filter>Source Files\AngelScriptEngine</Filter>
    </ClCompile>
    <ClCompile Include="scriptstring.cpp">
      <Filter>Source Files\AngelScriptEngine</Filter>
    </ClCompile>
    <ClCompile Include="scriptstring_utils.cpp">
      <Filter>Source Files\AngelScriptEngine</Filter>
    </ClCompile>
    <ClCompile Include="ChannelsHandler.cpp">
      <Filter>Source Files\PacketHandler</Filter>
    </ClCompile>
    <ClCompile Include="ChatHandler.cpp">
      <Filter>Source Files\PacketHandler</Filter>
    </ClCompile>
    <ClCompile Include="DropsHandler.cpp">
      <Filter>Source Files\PacketHandler</Filter>
    </ClCompile>
    <ClCompile Include="InventoryHandler.cpp">
      <Filter>Source Files\PacketHandler</Filter>
    </ClCompile>
    <ClCompile Include="KeysHandler.cpp">
      <Filter>Source Files\PacketHandler</Filter>
    </ClCompile>
    <ClCompile Include="MobsHandler.cpp">
      <Filter>Source Files\PacketHandler</Filter>
    </ClCompile>
    <ClCompile Include="MovingHandlingError.cpp">
      <Filter>Source Files\PacketHandler</Filter>
    </ClCompile>
    <ClCompile Include="NPCsHandler.cpp">
      <Filter>Source Files\PacketHandler</Filter>
    </ClCompile>
    <ClCompile Include="PacketOutOfRangeError.cpp">
      <Filter>Source Files\PacketHandler</Filter>
    </ClCompile>
    <ClCompile Include="PartyHandler.cpp">
      <Filter>Source Files\PacketHandler</Filter>
    </ClCompile>
    <ClCompile Include="PetsHandler.cpp">
      <Filter>Source Files\PacketHandler</Filter>
    </ClCompile>
    <ClCompile Include="PlayerHandler.cpp">
      <Filter>Source Files\PacketHandler</Filter>
    </ClCompile>
    <ClCompile Include="PlayerLoginHandler.cpp">
      <Filter>Source Files\PacketHandler</Filter>
    </ClCompile>
    <ClCompile Include="QuestsHandler.cpp">
      <Filter>Source Files\PacketHandler</Filter>
    </ClCompile>
    <ClCompile Include="ReactorHandler.cpp">
      <Filter>Source Files\PacketHandler</Filter>
    </ClCompile>
    <ClCompile Include="SkillsHandler.cpp">
      <Filter>Source Files\PacketHandler</Filter>
    </ClCompile>
    <ClCompile Include="StatsHandler.cpp">
      <Filter>Source Files\PacketHandler</Filter>
    </ClCompile>
    <ClCompile Include="Channel.cpp">
      <Filter>Source Files\GameServer</Filter>
    </ClCompile>
    <ClCompile Include="Channels.cpp">
      <Filter>Source Files\GameServer</Filter>
    </ClCompile>
    <ClCompile Include="Damage.cpp">
      <Filter>Source Files\GameServer</Filter>
    </ClCompile>
    <ClCompile Include="Drop.cpp">
      <Filter>Source Files\GameServer</Filter>
    </ClCompile>
    <ClCompile Include="Effect.cpp">
      <Filter>Source Files\GameServer</Filter>
    </ClCompile>
    <ClCompile Include="Equip.cpp">
      <Filter>Source Files\GameServer</Filter>
    </ClCompile>
    <ClCompile Include="Event.cpp">
      <Filter>Source Files\GameServer</Filter>
    </ClCompile>
    <ClCompile Include="Events.cpp">
      <Filter>Source Files\GameServer</Filter>
    </ClCompile>
    <ClCompile Include="Inventory.cpp">
      <Filter>Source Files\GameServer</Filter>
    </ClCompile>
    <ClCompile Include="Item.cpp">
      <Filter>Source Files\GameServer</Filter>
    </ClCompile>
    <ClCompile Include="Map.cpp">
      <Filter>Source Files\GameServer</Filter>
    </ClCompile>
    <ClCompile Include="MapDrops.cpp">
      <Filter>Source Files\GameServer</Filter>
    </ClCompile>
    <ClCompile Include="MapMobs.cpp">
      <Filter>Source Files\GameServer</Filter>
    </ClCompile>
    <ClCompile Include="MapNPCs.cpp">
      <Filter>Source Files\GameServer</Filter>
    </ClCompile>
    <ClCompile Include="MapPlayers.cpp">
      <Filter>Source Files\GameServer</Filter>
    </ClCompile>
    <ClCompile Include="MapReactors.cpp">
      <Filter>Source Files\GameServer</Filter>
    </ClCompile>
    <ClCompile Include="Maps.cpp">
      <Filter>Source Files\GameServer</Filter>
    </ClCompile>
    <ClCompile Include="Mob.cpp">
      <Filter>Source Files\GameServer</Filter>
    </ClCompile>
    <ClCompile Include="NPC.cpp">
      <Filter>Source Files\GameServer</Filter>
    </ClCompile>
    <ClCompile Include="ObjectMoving.cpp">
      <Filter>Source Files\GameServer</Filter>
    </ClCompile>
    <ClCompile Include="Pet.cpp">
      <Filter>Source Files\GameServer</Filter>
    </ClCompile>
    <ClCompile Include="Player.cpp">
      <Filter>Source Files\GameServer</Filter>
    </ClCompile>
    <ClCompile Include="PlayerBuffs.cpp">
      <Filter>Source Files\GameServer</Filter>
    </ClCompile>
    <ClCompile Include="PlayerInventorys.cpp">
      <Filter>Source Files\GameServer</Filter>
    </ClCompile>
    <ClCompile Include="PlayerKeys.cpp">
      <Filter>Source Files\GameServer</Filter>
    </ClCompile>
    <ClCompile Include="PlayerNPC.cpp">
      <Filter>Source Files\GameServer</Filter>
    </ClCompile>
    <ClCompile Include="PlayerQuests.cpp">
      <Filter>Source Files\GameServer</Filter>
    </ClCompile>
    <ClCompile Include="Players.cpp">
      <Filter>Source Files\GameServer</Filter>
    </ClCompile>
    <ClCompile Include="PlayerSkills.cpp">
      <Filter>Source Files\GameServer</Filter>
    </ClCompile>
    <ClCompile Include="PlayerStats.cpp">
      <Filter>Source Files\GameServer</Filter>
    </ClCompile>
    <ClCompile Include="PvP.cpp">
      <Filter>Source Files\GameServer</Filter>
    </ClCompile>
    <ClCompile Include="Quests.cpp">
      <Filter>Source Files\GameServer</Filter>
    </ClCompile>
    <ClCompile Include="Reactor.cpp">
      <Filter>Source Files\GameServer</Filter>
    </ClCompile>
    <ClCompile Include="Trade.cpp">
      <Filter>Source Files\GameServer</Filter>
    </ClCompile>
    <ClCompile Include="Transportations.cpp">
      <Filter>Source Files\GameServer</Filter>
    </ClCompile>
    <ClCompile Include="RemoteControl.cpp">
      <Filter>Source Files\RemoteControl</Filter>
    </ClCompile>
    <ClCompile Include="RemoteControlHandler.cpp">
      <Filter>Source Files\RemoteControl</Filter>
    </ClCompile>
  </ItemGroup>
  <ItemGroup>
    <ClInclude Include="AntiCheat.h">
      <Filter>Header Files\GameServer</Filter>
    </ClInclude>
    <ClInclude Include="Buff.h">
      <Filter>Header Files\GameServer</Filter>
    </ClInclude>
    <ClInclude Include="Channel.h">
      <Filter>Header Files\GameServer</Filter>
    </ClInclude>
    <ClInclude Include="Channels.h">
      <Filter>Header Files\GameServer</Filter>
    </ClInclude>
    <ClInclude Include="Damage.h">
      <Filter>Header Files\GameServer</Filter>
    </ClInclude>
    <ClInclude Include="Drop.h">
      <Filter>Header Files\GameServer</Filter>
    </ClInclude>
    <ClInclude Include="Effect.h">
      <Filter>Header Files\GameServer</Filter>
    </ClInclude>
    <ClInclude Include="Equip.h">
      <Filter>Header Files\GameServer</Filter>
    </ClInclude>
    <ClInclude Include="Event.h">
      <Filter>Header Files\GameServer</Filter>
    </ClInclude>
    <ClInclude Include="Events.h">
      <Filter>Header Files\GameServer</Filter>
    </ClInclude>
    <ClInclude Include="Inventory.h">
      <Filter>Header Files\GameServer</Filter>
    </ClInclude>
    <ClInclude Include="Item.h">
      <Filter>Header Files\GameServer</Filter>
    </ClInclude>
    <ClInclude Include="Key.h">
      <Filter>Header Files\GameServer</Filter>
    </ClInclude>
    <ClInclude Include="LifeMapObject.h">
      <Filter>Header Files\GameServer</Filter>
    </ClInclude>
    <ClInclude Include="Map.h">
      <Filter>Header Files\GameServer</Filter>
    </ClInclude>
    <ClInclude Include="MapDrops.h">
      <Filter>Header Files\GameServer</Filter>
    </ClInclude>
    <ClInclude Include="MapMobs.h">
      <Filter>Header Files\GameServer</Filter>
    </ClInclude>
    <ClInclude Include="MapNPCs.h">
      <Filter>Header Files\GameServer</Filter>
    </ClInclude>
    <ClInclude Include="MapObject.h">
      <Filter>Header Files\GameServer</Filter>
    </ClInclude>
    <ClInclude Include="MapPlayers.h">
      <Filter>Header Files\GameServer</Filter>
    </ClInclude>
    <ClInclude Include="MapReactors.h">
      <Filter>Header Files\GameServer</Filter>
    </ClInclude>
    <ClInclude Include="Maps.h">
      <Filter>Header Files\GameServer</Filter>
    </ClInclude>
    <ClInclude Include="Mob.h">
      <Filter>Header Files\GameServer</Filter>
    </ClInclude>
    <ClInclude Include="NPC.h">
      <Filter>Header Files\GameServer</Filter>
    </ClInclude>
    <ClInclude Include="ObjectMoving.h">
      <Filter>Header Files\GameServer</Filter>
    </ClInclude>
    <ClInclude Include="Pet.h">
      <Filter>Header Files\GameServer</Filter>
    </ClInclude>
    <ClInclude Include="Player.h">
      <Filter>Header Files\GameServer</Filter>
    </ClInclude>
    <ClInclude Include="PlayerBuffs.h">
      <Filter>Header Files\GameServer</Filter>
    </ClInclude>
    <ClInclude Include="PlayerInventories.h">
      <Filter>Header Files\GameServer</Filter>
    </ClInclude>
    <ClInclude Include="PlayerKeys.h">
      <Filter>Header Files\GameServer</Filter>
    </ClInclude>
    <ClInclude Include="PlayerNPC.h">
      <Filter>Header Files\GameServer</Filter>
    </ClInclude>
    <ClInclude Include="PlayerQuests.h">
      <Filter>Header Files\GameServer</Filter>
    </ClInclude>
    <ClInclude Include="Players.h">
      <Filter>Header Files\GameServer</Filter>
    </ClInclude>
    <ClInclude Include="PlayerSkills.h">
      <Filter>Header Files\GameServer</Filter>
    </ClInclude>
    <ClInclude Include="PvP.h">
      <Filter>Header Files\GameServer</Filter>
    </ClInclude>
    <ClInclude Include="Quest.h">
      <Filter>Header Files\GameServer</Filter>
    </ClInclude>
    <ClInclude Include="Reactor.h">
      <Filter>Header Files\GameServer</Filter>
    </ClInclude>
    <ClInclude Include="Skill.h">
      <Filter>Header Files\GameServer</Filter>
    </ClInclude>
    <ClInclude Include="Trade.h">
      <Filter>Header Files\GameServer</Filter>
    </ClInclude>
    <ClInclude Include="Transportations.h">
      <Filter>Header Files\GameServer</Filter>
    </ClInclude>
    <ClInclude Include="Handler.h">
      <Filter>Header Files\Packets</Filter>
    </ClInclude>
    <ClInclude Include="MovingHandlingError.h">
      <Filter>Header Files\Packets</Filter>
    </ClInclude>
    <ClInclude Include="PacketCreator.h">
      <Filter>Header Files\Packets</Filter>
    </ClInclude>
    <ClInclude Include="PacketHandlingError.h">
      <Filter>Header Files\Packets</Filter>
    </ClInclude>
    <ClInclude Include="PacketOutOfRangeError.h">
      <Filter>Header Files\Packets</Filter>
    </ClInclude>
    <ClInclude Include="PlayerHandler.h">
      <Filter>Header Files\Packets</Filter>
    </ClInclude>
    <ClInclude Include="PlayerLoginHandler.h">
      <Filter>Header Files\Packets</Filter>
    </ClInclude>
    <ClInclude Include="Character.h">
      <Filter>Header Files\LoginServer</Filter>
    </ClInclude>
    <ClInclude Include="CharacterEquip.h">
      <Filter>Header Files\LoginServer</Filter>
    </ClInclude>
    <ClInclude Include="PlayerLogin.h">
      <Filter>Header Files\LoginServer</Filter>
    </ClInclude>
    <ClInclude Include="ChannelEventData.h">
      <Filter>Header Files\DataBase</Filter>
    </ClInclude>
    <ClInclude Include="ChannelEventsData.h">
      <Filter>Header Files\DataBase</Filter>
    </ClInclude>
    <ClInclude Include="ChannelEventsScriptsData.h">
      <Filter>Header Files\DataBase</Filter>
    </ClInclude>
    <ClInclude Include="DataProvider.h">
      <Filter>Header Files\DataBase</Filter>
    </ClInclude>
    <ClInclude Include="DataStruct.h">
      <Filter>Header Files\DataBase</Filter>
    </ClInclude>
    <ClInclude Include="DropData.h">
      <Filter>Header Files\DataBase</Filter>
    </ClInclude>
    <ClInclude Include="DropsData.h">
      <Filter>Header Files\DataBase</Filter>
    </ClInclude>
    <ClInclude Include="EquipData.h">
      <Filter>Header Files\DataBase</Filter>
    </ClInclude>
    <ClInclude Include="EquipsData.h">
      <Filter>Header Files\DataBase</Filter>
    </ClInclude>
    <ClInclude Include="EventData.h">
      <Filter>Header Files\DataBase</Filter>
    </ClInclude>
    <ClInclude Include="EventMapsData.h">
      <Filter>Header Files\DataBase</Filter>
    </ClInclude>
    <ClInclude Include="EventsData.h">
      <Filter>Header Files\DataBase</Filter>
    </ClInclude>
    <ClInclude Include="EventsScriptsData.h">
      <Filter>Header Files\DataBase</Filter>
    </ClInclude>
    <ClInclude Include="Initializing.h">
      <Filter>Header Files\DataBase</Filter>
    </ClInclude>
    <ClInclude Include="ItemData.h">
      <Filter>Header Files\DataBase</Filter>
    </ClInclude>
    <ClInclude Include="ItemEffectData.h">
      <Filter>Header Files\DataBase</Filter>
    </ClInclude>
    <ClInclude Include="ItemsData.h">
      <Filter>Header Files\DataBase</Filter>
    </ClInclude>
    <ClInclude Include="ItemSummonData.h">
      <Filter>Header Files\DataBase</Filter>
    </ClInclude>
    <ClInclude Include="MapData.h">
      <Filter>Header Files\DataBase</Filter>
    </ClInclude>
    <ClInclude Include="MapFootholdData.h">
      <Filter>Header Files\DataBase</Filter>
    </ClInclude>
    <ClInclude Include="MapFootholdsData.h">
      <Filter>Header Files\DataBase</Filter>
    </ClInclude>
    <ClInclude Include="MapMobData.h">
      <Filter>Header Files\DataBase</Filter>
    </ClInclude>
    <ClInclude Include="MapMobsData.h">
      <Filter>Header Files\DataBase</Filter>
    </ClInclude>
    <ClInclude Include="MapNPCData.h">
      <Filter>Header Files\DataBase</Filter>
    </ClInclude>
    <ClInclude Include="MapNPCsData.h">
      <Filter>Header Files\DataBase</Filter>
    </ClInclude>
    <ClInclude Include="MapPortalData.h">
      <Filter>Header Files\DataBase</Filter>
    </ClInclude>
    <ClInclude Include="MapPortalsData.h">
      <Filter>Header Files\DataBase</Filter>
    </ClInclude>
    <ClInclude Include="MapReactorData.h">
      <Filter>Header Files\DataBase</Filter>
    </ClInclude>
    <ClInclude Include="MapReactorsData.h">
      <Filter>Header Files\DataBase</Filter>
    </ClInclude>
    <ClInclude Include="MapsData.h">
      <Filter>Header Files\DataBase</Filter>
    </ClInclude>
    <ClInclude Include="MapShipData.h">
      <Filter>Header Files\DataBase</Filter>
    </ClInclude>
    <ClInclude Include="Markup.h">
      <Filter>Header Files\DataBase</Filter>
    </ClInclude>
    <ClInclude Include="MobData.h">
      <Filter>Header Files\DataBase</Filter>
    </ClInclude>
    <ClInclude Include="MobsData.h">
      <Filter>Header Files\DataBase</Filter>
    </ClInclude>
    <ClInclude Include="MobsDropData.h">
      <Filter>Header Files\DataBase</Filter>
    </ClInclude>
    <ClInclude Include="MobSummonData.h">
      <Filter>Header Files\DataBase</Filter>
    </ClInclude>
    <ClInclude Include="NPCsScriptsData.h">
      <Filter>Header Files\DataBase</Filter>
    </ClInclude>
    <ClInclude Include="PetCommandData.h">
      <Filter>Header Files\DataBase</Filter>
    </ClInclude>
    <ClInclude Include="PetData.h">
      <Filter>Header Files\DataBase</Filter>
    </ClInclude>
    <ClInclude Include="PetsData.h">
      <Filter>Header Files\DataBase</Filter>
    </ClInclude>
    <ClInclude Include="PortalsData.h">
      <Filter>Header Files\DataBase</Filter>
    </ClInclude>
    <ClInclude Include="QuestData.h">
      <Filter>Header Files\DataBase</Filter>
    </ClInclude>
    <ClInclude Include="QuestRequestData.h">
      <Filter>Header Files\DataBase</Filter>
    </ClInclude>
    <ClInclude Include="QuestRequestsData.h">
      <Filter>Header Files\DataBase</Filter>
    </ClInclude>
    <ClInclude Include="QuestRewardData.h">
      <Filter>Header Files\DataBase</Filter>
    </ClInclude>
    <ClInclude Include="QuestRewardsData.h">
      <Filter>Header Files\DataBase</Filter>
    </ClInclude>
    <ClInclude Include="QuestsData.h">
      <Filter>Header Files\DataBase</Filter>
    </ClInclude>
    <ClInclude Include="ReactorData.h">
      <Filter>Header Files\DataBase</Filter>
    </ClInclude>
    <ClInclude Include="ReactorScriptsData.h">
      <Filter>Header Files\DataBase</Filter>
    </ClInclude>
    <ClInclude Include="ReactorsData.h">
      <Filter>Header Files\DataBase</Filter>
    </ClInclude>
    <ClInclude Include="ReactorsDropData.h">
      <Filter>Header Files\DataBase</Filter>
    </ClInclude>
    <ClInclude Include="ReactorStateData.h">
      <Filter>Header Files\DataBase</Filter>
    </ClInclude>
    <ClInclude Include="ShopData.h">
      <Filter>Header Files\DataBase</Filter>
    </ClInclude>
    <ClInclude Include="ShopItemData.h">
      <Filter>Header Files\DataBase</Filter>
    </ClInclude>
    <ClInclude Include="ShopsData.h">
      <Filter>Header Files\DataBase</Filter>
    </ClInclude>
    <ClInclude Include="SkillData.h">
      <Filter>Header Files\DataBase</Filter>
    </ClInclude>
    <ClInclude Include="SkillLevelData.h">
      <Filter>Header Files\DataBase</Filter>
    </ClInclude>
    <ClInclude Include="SkillsData.h">
      <Filter>Header Files\DataBase</Filter>
    </ClInclude>
    <ClInclude Include="TopData.h">
      <Filter>Header Files\DataBase</Filter>
    </ClInclude>
    <ClInclude Include="TopDataStruct.h">
      <Filter>Header Files\DataBase</Filter>
    </ClInclude>
    <ClInclude Include="Run.h">
      <Filter>Header Files\Timer</Filter>
    </ClInclude>
    <ClInclude Include="Timer.h">
      <Filter>Header Files\Timer</Filter>
    </ClInclude>
    <ClInclude Include="Parties.h">
      <Filter>Header Files\WorldServer</Filter>
    </ClInclude>
    <ClInclude Include="Party.h">
      <Filter>Header Files\WorldServer</Filter>
    </ClInclude>
    <ClInclude Include="PartyMember.h">
      <Filter>Header Files\WorldServer</Filter>
    </ClInclude>
    <ClInclude Include="PartyMembers.h">
      <Filter>Header Files\WorldServer</Filter>
    </ClInclude>
    <ClInclude Include="World.h">
      <Filter>Header Files\WorldServer</Filter>
    </ClInclude>
    <ClInclude Include="Worlds.h">
      <Filter>Header Files\WorldServer</Filter>
    </ClInclude>
    <ClInclude Include="BytesStream.h">
      <Filter>Header Files\Tools</Filter>
    </ClInclude>
    <ClInclude Include="PacketReader.h">
      <Filter>Header Files\Tools</Filter>
    </ClInclude>
    <ClInclude Include="PacketWriter.h">
      <Filter>Header Files\Tools</Filter>
    </ClInclude>
    <ClInclude Include="Tools.h">
      <Filter>Header Files\Tools</Filter>
    </ClInclude>
    <ClInclude Include="AngelScriptEngine.h">
      <Filter>Header Files\AngelScriptEngine</Filter>
    </ClInclude>
    <ClInclude Include="ByteCodeMemory.h">
      <Filter>Header Files\AngelScriptEngine</Filter>
    </ClInclude>
    <ClInclude Include="scriptstring.h">
      <Filter>Header Files\AngelScriptEngine</Filter>
    </ClInclude>
    <ClInclude Include="MySQL\mysql++.h">
      <Filter>Header Files\DataBaseManager</Filter>
    </ClInclude>
    <ClInclude Include="MySQLM.h">
      <Filter>Header Files\DataBaseManager</Filter>
    </ClInclude>
    <ClInclude Include="RemoteControl.h">
      <Filter>Header Files\RemoteControl</Filter>
    </ClInclude>
    <ClInclude Include="RemoteControlHandler.h">
      <Filter>Header Files\RemoteControl</Filter>
    </ClInclude>
  </ItemGroup>
</Project>