<?xml version="1.0" encoding="utf-8"?>
<Project ToolsVersion="4.0" xmlns="http://schemas.microsoft.com/developer/msbuild/2003">
  <ItemGroup>
    <Filter Include="Source Files">
      <UniqueIdentifier>{4FC737F1-C7A5-4376-A066-2A32D752A2FF}</UniqueIdentifier>
      <Extensions>cpp;c;cc;cxx;def;odl;idl;hpj;bat;asm;asmx</Extensions>
    </Filter>
    <Filter Include="Header Files">
      <UniqueIdentifier>{93995380-89BD-4b04-88EB-625FBE52EBFB}</UniqueIdentifier>
      <Extensions>h;hpp;hxx;hm;inl;inc;xsd</Extensions>
    </Filter>
    <Filter Include="Resource Files">
      <UniqueIdentifier>{67DA6AB6-F800-4c08-8B7A-83BB121AAD01}</UniqueIdentifier>
      <Extensions>rc;ico;cur;bmp;dlg;rc2;rct;bin;rgs;gif;jpg;jpeg;jpe;resx;tiff;tif;png;wav</Extensions>
    </Filter>
  </ItemGroup>
  <ItemGroup>
    <ClCompile Include="beemutex.cpp">
      <Filter>Source Files</Filter>
    </ClCompile>
    <ClCompile Include="connection.cpp">
      <Filter>Source Files</Filter>
    </ClCompile>
    <ClCompile Include="cpool.cpp">
      <Filter>Source Files</Filter>
    </ClCompile>
    <ClCompile Include="datetime.cpp">
      <Filter>Source Files</Filter>
    </ClCompile>
    <ClCompile Include="dbdriver.cpp">
      <Filter>Source Files</Filter>
    </ClCompile>
    <ClCompile Include="field_names.cpp">
      <Filter>Source Files</Filter>
    </ClCompile>
    <ClCompile Include="field_types.cpp">
      <Filter>Source Files</Filter>
    </ClCompile>
    <ClCompile Include="manip.cpp">
      <Filter>Source Files</Filter>
    </ClCompile>
    <ClCompile Include="myset.cpp">
      <Filter>Source Files</Filter>
    </ClCompile>
    <ClCompile Include="mysql++.cpp">
      <Filter>Source Files</Filter>
    </ClCompile>
    <ClCompile Include="mystring.cpp">
      <Filter>Source Files</Filter>
    </ClCompile>
    <ClCompile Include="null.cpp">
      <Filter>Source Files</Filter>
    </ClCompile>
    <ClCompile Include="options.cpp">
      <Filter>Source Files</Filter>
    </ClCompile>
    <ClCompile Include="qparms.cpp">
      <Filter>Source Files</Filter>
    </ClCompile>
    <ClCompile Include="query.cpp">
      <Filter>Source Files</Filter>
    </ClCompile>
    <ClCompile Include="result.cpp">
      <Filter>Source Files</Filter>
    </ClCompile>
    <ClCompile Include="row.cpp">
      <Filter>Source Files</Filter>
    </ClCompile>
    <ClCompile Include="sql_buffer.cpp">
      <Filter>Source Files</Filter>
    </ClCompile>
    <ClCompile Include="stadapter.cpp">
      <Filter>Source Files</Filter>
    </ClCompile>
    <ClCompile Include="tcp_connection.cpp">
      <Filter>Source Files</Filter>
    </ClCompile>
    <ClCompile Include="transaction.cpp">
      <Filter>Source Files</Filter>
    </ClCompile>
    <ClCompile Include="type_info.cpp">
      <Filter>Source Files</Filter>
    </ClCompile>
    <ClCompile Include="uds_connection.cpp">
      <Filter>Source Files</Filter>
    </ClCompile>
    <ClCompile Include="vallist.cpp">
      <Filter>Source Files</Filter>
    </ClCompile>
    <ClCompile Include="wnp_connection.cpp">
      <Filter>Source Files</Filter>
    </ClCompile>
  </ItemGroup>
  <ItemGroup>
    <ClInclude Include="autoflag.h">
      <Filter>Header Files</Filter>
    </ClInclude>
    <ClInclude Include="beemutex.h">
      <Filter>Header Files</Filter>
    </ClInclude>
    <ClInclude Include="common.h">
      <Filter>Header Files</Filter>
    </ClInclude>
    <ClInclude Include="comparable.h">
      <Filter>Header Files</Filter>
    </ClInclude>
    <ClInclude Include="connection.h">
      <Filter>Header Files</Filter>
    </ClInclude>
    <ClInclude Include="cpool.h">
      <Filter>Header Files</Filter>
    </ClInclude>
    <ClInclude Include="custom.h">
      <Filter>Header Files</Filter>
    </ClInclude>
    <ClInclude Include="datetime.h">
      <Filter>Header Files</Filter>
    </ClInclude>
    <ClInclude Include="dbdriver.h">
      <Filter>Header Files</Filter>
    </ClInclude>
    <ClInclude Include="exceptions.h">
      <Filter>Header Files</Filter>
    </ClInclude>
    <ClInclude Include="field.h">
      <Filter>Header Files</Filter>
    </ClInclude>
    <ClInclude Include="field_names.h">
      <Filter>Header Files</Filter>
    </ClInclude>
    <ClInclude Include="field_types.h">
      <Filter>Header Files</Filter>
    </ClInclude>
    <ClInclude Include="manip.h">
      <Filter>Header Files</Filter>
    </ClInclude>
    <ClInclude Include="my_alloc.h">
      <Filter>Header Files</Filter>
    </ClInclude>
    <ClInclude Include="my_list.h">
      <Filter>Header Files</Filter>
    </ClInclude>
    <ClInclude Include="myset.h">
      <Filter>Header Files</Filter>
    </ClInclude>
    <ClInclude Include="mysql++.h">
      <Filter>Header Files</Filter>
    </ClInclude>
    <ClInclude Include="mysql.h">
      <Filter>Header Files</Filter>
    </ClInclude>
    <ClInclude Include="mysql_com.h">
      <Filter>Header Files</Filter>
    </ClInclude>
    <ClInclude Include="mysql_embed.h">
      <Filter>Header Files</Filter>
    </ClInclude>
    <ClInclude Include="mysql_time.h">
      <Filter>Header Files</Filter>
    </ClInclude>
    <ClInclude Include="mysql_version.h">
      <Filter>Header Files</Filter>
    </ClInclude>
    <ClInclude Include="mysqld_ername.h">
      <Filter>Header Files</Filter>
    </ClInclude>
    <ClInclude Include="mysqld_error.h">
      <Filter>Header Files</Filter>
    </ClInclude>
    <ClInclude Include="mystring.h">
      <Filter>Header Files</Filter>
    </ClInclude>
    <ClInclude Include="noexceptions.h">
      <Filter>Header Files</Filter>
    </ClInclude>
    <ClInclude Include="null.h">
      <Filter>Header Files</Filter>
    </ClInclude>
    <ClInclude Include="options.h">
      <Filter>Header Files</Filter>
    </ClInclude>
    <ClInclude Include="qparms.h">
      <Filter>Header Files</Filter>
    </ClInclude>
    <ClInclude Include="query.h">
      <Filter>Header Files</Filter>
    </ClInclude>
    <ClInclude Include="querydef.h">
      <Filter>Header Files</Filter>
    </ClInclude>
    <ClInclude Include="refcounted.h">
      <Filter>Header Files</Filter>
    </ClInclude>
    <ClInclude Include="result.h">
      <Filter>Header Files</Filter>
    </ClInclude>
    <ClInclude Include="row.h">
      <Filter>Header Files</Filter>
    </ClInclude>
    <ClInclude Include="sql_buffer.h">
      <Filter>Header Files</Filter>
    </ClInclude>
    <ClInclude Include="sql_types.h">
      <Filter>Header Files</Filter>
    </ClInclude>
    <ClInclude Include="ssqls.h">
      <Filter>Header Files</Filter>
    </ClInclude>
    <ClInclude Include="stadapter.h">
      <Filter>Header Files</Filter>
    </ClInclude>
    <ClInclude Include="stream2string.h">
      <Filter>Header Files</Filter>
    </ClInclude>
    <ClInclude Include="tcp_connection.h">
      <Filter>Header Files</Filter>
    </ClInclude>
    <ClInclude Include="tiny_int.h">
      <Filter>Header Files</Filter>
    </ClInclude>
    <ClInclude Include="transaction.h">
      <Filter>Header Files</Filter>
    </ClInclude>
    <ClInclude Include="type_info.h">
      <Filter>Header Files</Filter>
    </ClInclude>
    <ClInclude Include="typelib.h">
      <Filter>Header Files</Filter>
    </ClInclude>
    <ClInclude Include="uds_connection.h">
      <Filter>Header Files</Filter>
    </ClInclude>
    <ClInclude Include="vallist.h">
      <Filter>Header Files</Filter>
    </ClInclude>
    <ClInclude Include="wnp_connection.h">
      <Filter>Header Files</Filter>
    </ClInclude>
  </ItemGroup>
</Project>